
Microsoft Visual Studio Solution File, Format Version 12.00
# Visual Studio Version 16
VisualStudioVersion = 16.0.31129.286
MinimumVisualStudioVersion = 10.0.40219.1
Project("{FAE04EC0-301F-11D3-BF4B-00C04F79EFBC}") = "OOP.Classes", "OOP.Classes.csproj", "{2E6A5607-B46B-4FC2-AB3A-E64ED4E27DEE}"
EndProject
Global
	GlobalSection(SolutionConfigurationPlatforms) = preSolution
		Debug|Any CPU = Debug|Any CPU
		Release|Any CPU = Release|Any CPU
	EndGlobalSection
	GlobalSection(ProjectConfigurationPlatforms) = postSolution
		{2E6A5607-B46B-4FC2-AB3A-E64ED4E27DEE}.Debug|Any CPU.ActiveCfg = Debug|Any CPU
		{2E6A5607-B46B-4FC2-AB3A-E64ED4E27DEE}.Debug|Any CPU.Build.0 = Debug|Any CPU
		{2E6A5607-B46B-4FC2-AB3A-E64ED4E27DEE}.Release|Any CPU.ActiveCfg = Release|Any CPU
		{2E6A5607-B46B-4FC2-AB3A-E64ED4E27DEE}.Release|Any CPU.Build.0 = Release|Any CPU
	EndGlobalSection
	GlobalSection(SolutionProperties) = preSolution
		HideSolutionNode = FALSE
	EndGlobalSection
	GlobalSection(ExtensibilityGlobals) = postSolution
		SolutionGuid = {E057271F-34C4-4F09-A21E-C18E0F743BB3}
	EndGlobalSection
EndGlobal
